
Microsoft Visual Studio Solution File, Format Version 12.00
# Visual Studio Version 16
VisualStudioVersion = 16.0.30413.136
MinimumVisualStudioVersion = 10.0.40219.1
Project("{9A19103F-16F7-4668-BE54-9A1E7A4F7556}") = "Entidades", "Entidades\Entidades.csproj", "{009FD97E-0FBD-4288-B038-082A93B8D105}"
EndProject
Project("{9A19103F-16F7-4668-BE54-9A1E7A4F7556}") = "KwikEMart", "KwikEMart\KwikEMart.csproj", "{CD08F159-FF79-4C63-8F5D-1517D86FEFC2}"
EndProject
Global
	GlobalSection(SolutionConfigurationPlatforms) = preSolution
		Debug|Any CPU = Debug|Any CPU
		Release|Any CPU = Release|Any CPU
	EndGlobalSection
	GlobalSection(ProjectConfigurationPlatforms) = postSolution
		{009FD97E-0FBD-4288-B038-082A93B8D105}.Debug|Any CPU.ActiveCfg = Debug|Any CPU
		{009FD97E-0FBD-4288-B038-082A93B8D105}.Debug|Any CPU.Build.0 = Debug|Any CPU
		{009FD97E-0FBD-4288-B038-082A93B8D105}.Release|Any CPU.ActiveCfg = Release|Any CPU
		{009FD97E-0FBD-4288-B038-082A93B8D105}.Release|Any CPU.Build.0 = Release|Any CPU
		{CD08F159-FF79-4C63-8F5D-1517D86FEFC2}.Debug|Any CPU.ActiveCfg = Debug|Any CPU
		{CD08F159-FF79-4C63-8F5D-1517D86FEFC2}.Debug|Any CPU.Build.0 = Debug|Any CPU
		{CD08F159-FF79-4C63-8F5D-1517D86FEFC2}.Release|Any CPU.ActiveCfg = Release|Any CPU
		{CD08F159-FF79-4C63-8F5D-1517D86FEFC2}.Release|Any CPU.Build.0 = Release|Any CPU
	EndGlobalSection
	GlobalSection(SolutionProperties) = preSolution
		HideSolutionNode = FALSE
	EndGlobalSection
	GlobalSection(ExtensibilityGlobals) = postSolution
		SolutionGuid = {B8BF6BA7-3337-4A38-9DA4-84FA8B1405B9}
	EndGlobalSection
EndGlobal
